
Microsoft Visual Studio Solution File, Format Version 12.00
# Visual Studio Version 16
VisualStudioVersion = 16.0.30717.126
MinimumVisualStudioVersion = 10.0.40219.1
Project("{FAE04EC0-301F-11D3-BF4B-00C04F79EFBC}") = "MVCScaffoldingDemo", "MVCScaffoldingDemo\MVCScaffoldingDemo.csproj", "{D4FEC1B6-474B-4223-9579-0753DBB1AC3B}"
EndProject
Global
	GlobalSection(SolutionConfigurationPlatforms) = preSolution
		Debug|Any CPU = Debug|Any CPU
		Release|Any CPU = Release|Any CPU
	EndGlobalSection
	GlobalSection(ProjectConfigurationPlatforms) = postSolution
		{D4FEC1B6-474B-4223-9579-0753DBB1AC3B}.Debug|Any CPU.ActiveCfg = Debug|Any CPU
		{D4FEC1B6-474B-4223-9579-0753DBB1AC3B}.Debug|Any CPU.Build.0 = Debug|Any CPU
		{D4FEC1B6-474B-4223-9579-0753DBB1AC3B}.Release|Any CPU.ActiveCfg = Release|Any CPU
		{D4FEC1B6-474B-4223-9579-0753DBB1AC3B}.Release|Any CPU.Build.0 = Release|Any CPU
	EndGlobalSection
	GlobalSection(SolutionProperties) = preSolution
		HideSolutionNode = FALSE
	EndGlobalSection
	GlobalSection(ExtensibilityGlobals) = postSolution
		SolutionGuid = {FA1569C7-A5B0-432A-B276-3E25F94D6914}
	EndGlobalSection
EndGlobal
